
Microsoft Visual Studio Solution File, Format Version 12.00
# Visual Studio Version 17
VisualStudioVersion = 17.11.35219.272
MinimumVisualStudioVersion = 10.0.40219.1
Project("{FAE04EC0-301F-11D3-BF4B-00C04F79EFBC}") = "Evaluacion", "Evaluacion\Evaluacion.csproj", "{7B22DB17-EAD4-4AF5-B664-625FE68125DF}"
EndProject
Global
	GlobalSection(SolutionConfigurationPlatforms) = preSolution
		Debug|Any CPU = Debug|Any CPU
		Release|Any CPU = Release|Any CPU
	EndGlobalSection
	GlobalSection(ProjectConfigurationPlatforms) = postSolution
		{7B22DB17-EAD4-4AF5-B664-625FE68125DF}.Debug|Any CPU.ActiveCfg = Debug|Any CPU
		{7B22DB17-EAD4-4AF5-B664-625FE68125DF}.Debug|Any CPU.Build.0 = Debug|Any CPU
		{7B22DB17-EAD4-4AF5-B664-625FE68125DF}.Release|Any CPU.ActiveCfg = Release|Any CPU
		{7B22DB17-EAD4-4AF5-B664-625FE68125DF}.Release|Any CPU.Build.0 = Release|Any CPU
	EndGlobalSection
	GlobalSection(SolutionProperties) = preSolution
		HideSolutionNode = FALSE
	EndGlobalSection
	GlobalSection(ExtensibilityGlobals) = postSolution
		SolutionGuid = {EC7BDF05-D78D-4204-BCA1-57F421C5A59D}
	EndGlobalSection
EndGlobal
